
Microsoft Visual Studio Solution File, Format Version 12.00
# Visual Studio Version 16
VisualStudioVersion = 16.0.29519.87
MinimumVisualStudioVersion = 10.0.40219.1
Project("{FAE04EC0-301F-11D3-BF4B-00C04F79EFBC}") = "Complex Numbers", "Complex Numbers.csproj", "{5A67F7E6-EC80-4A05-96D3-0929780E7351}"
EndProject
Global
	GlobalSection(SolutionConfigurationPlatforms) = preSolution
		Debug|Any CPU = Debug|Any CPU
		Release|Any CPU = Release|Any CPU
	EndGlobalSection
	GlobalSection(ProjectConfigurationPlatforms) = postSolution
		{5A67F7E6-EC80-4A05-96D3-0929780E7351}.Debug|Any CPU.ActiveCfg = Debug|Any CPU
		{5A67F7E6-EC80-4A05-96D3-0929780E7351}.Debug|Any CPU.Build.0 = Debug|Any CPU
		{5A67F7E6-EC80-4A05-96D3-0929780E7351}.Release|Any CPU.ActiveCfg = Release|Any CPU
		{5A67F7E6-EC80-4A05-96D3-0929780E7351}.Release|Any CPU.Build.0 = Release|Any CPU
	EndGlobalSection
	GlobalSection(SolutionProperties) = preSolution
		HideSolutionNode = FALSE
	EndGlobalSection
	GlobalSection(ExtensibilityGlobals) = postSolution
		SolutionGuid = {66E8C5A6-8DBD-49F4-8C3C-92912FDB9D31}
	EndGlobalSection
EndGlobal
